#
# This file is autogenerated by pip-compile with Python 3.12
# by the following command:
#
#    pip-compile --extra=dev --output-file=requirements.lock --strip-extras pyproject.toml
#
annotated-doc==0.0.5
    # via fastapi
annotated-types==0.8.0
    # via pydantic
anyio==4.14.2
    # via
    #   httpx
    #   starlette
    #   watchfiles
certifi==2026.7.22
    # via
    #   httpcore
    #   httpx
click==8.4.2
    # via uvicorn
coverage==7.15.4
    # via pytest-cov
fastapi==0.141.1
    # via dxl-commerce-agent (pyproject.toml)
h11==0.16.0
    # via
    #   httpcore
    #   uvicorn
httpcore==1.0.9
    # via httpx
httptools==0.8.0
    # via uvicorn
httpx==0.28.1
    # via dxl-commerce-agent (pyproject.toml)
idna==3.18
    # via
    #   anyio
    #   httpx
iniconfig==2.3.0
    # via pytest
librt==0.15.0
    # via mypy
mypy==1.20.2
    # via dxl-commerce-agent (pyproject.toml)
mypy-extensions==1.1.0
    # via mypy
packaging==26.3
    # via pytest
pathspec==1.1.1
    # via mypy
pluggy==1.6.0
    # via
    #   pytest
    #   pytest-cov
pydantic==2.13.4
    # via
    #   dxl-commerce-agent (pyproject.toml)
    #   fastapi
pydantic-core==2.46.4
    # via pydantic
pygments==2.20.0
    # via pytest
pytest==8.4.2
    # via
    #   dxl-commerce-agent (pyproject.toml)
    #   pytest-asyncio
    #   pytest-cov
pytest-asyncio==0.26.0
    # via dxl-commerce-agent (pyproject.toml)
pytest-cov==6.3.0
    # via dxl-commerce-agent (pyproject.toml)
python-dotenv==1.2.2
    # via uvicorn
pyyaml==6.0.3
    # via uvicorn
ruff==0.16.3
    # via dxl-commerce-agent (pyproject.toml)
starlette==1.6.0
    # via fastapi
typing-extensions==4.16.0
    # via
    #   anyio
    #   fastapi
    #   mypy
    #   pydantic
    #   pydantic-core
    #   starlette
    #   typing-inspection
typing-inspection==0.4.4
    # via
    #   fastapi
    #   pydantic
uvicorn==0.52.3
    # via dxl-commerce-agent (pyproject.toml)
uvloop==0.22.1
    # via uvicorn
watchfiles==1.2.0
    # via uvicorn
websockets==17.0.1
    # via uvicorn
