#
# This file is autogenerated by pip-compile with Python 3.12
# by the following command:
#
#    pip-compile --output-file=requirements-build.lock --strip-extras requirements-build.in
#
hatchling==1.32.0
    # via -r requirements-build.in
packaging==26.3
    # via hatchling
pathspec==1.1.1
    # via hatchling
pluggy==1.6.0
    # via hatchling
tomlkit==0.15.1
    # via hatchling
trove-classifiers==2026.6.1.19
    # via hatchling
